
Microsoft Visual Studio Solution File, Format Version 12.00
# Visual Studio Version 16
VisualStudioVersion = 16.0.32630.194
MinimumVisualStudioVersion = 10.0.40219.1
Project("{FAE04EC0-301F-11D3-BF4B-00C04F79EFBC}") = "Ejercicio20BC", "Ejercicio20BC\Ejercicio20BC.csproj", "{3BE7EA06-F288-4752-9991-D843AD1BB5AD}"
EndProject
Global
	GlobalSection(SolutionConfigurationPlatforms) = preSolution
		Debug|Any CPU = Debug|Any CPU
		Release|Any CPU = Release|Any CPU
	EndGlobalSection
	GlobalSection(ProjectConfigurationPlatforms) = postSolution
		{3BE7EA06-F288-4752-9991-D843AD1BB5AD}.Debug|Any CPU.ActiveCfg = Debug|Any CPU
		{3BE7EA06-F288-4752-9991-D843AD1BB5AD}.Debug|Any CPU.Build.0 = Debug|Any CPU
		{3BE7EA06-F288-4752-9991-D843AD1BB5AD}.Release|Any CPU.ActiveCfg = Release|Any CPU
		{3BE7EA06-F288-4752-9991-D843AD1BB5AD}.Release|Any CPU.Build.0 = Release|Any CPU
	EndGlobalSection
	GlobalSection(SolutionProperties) = preSolution
		HideSolutionNode = FALSE
	EndGlobalSection
	GlobalSection(ExtensibilityGlobals) = postSolution
		SolutionGuid = {BA3803E9-14EF-42B9-8AED-C03616BEF5E9}
	EndGlobalSection
EndGlobal
